
Microsoft Visual Studio Solution File, Format Version 12.00
# Visual Studio Version 16
VisualStudioVersion = 16.0.28803.202
MinimumVisualStudioVersion = 10.0.40219.1
Project("{9A19103F-16F7-4668-BE54-9A1E7A4F7556}") = "Lab1", "Labs\Lab1.csproj", "{06A32F1C-2896-4802-B94F-EF376C4005D6}"
EndProject
Project("{FAE04EC0-301F-11D3-BF4B-00C04F79EFBC}") = "Lab2", "Lab2\Lab2.csproj", "{38E584D6-51F2-4BAE-8AF9-1BAA56D1AA80}"
EndProject
Global
	GlobalSection(SolutionConfigurationPlatforms) = preSolution
		Debug|Any CPU = Debug|Any CPU
		Release|Any CPU = Release|Any CPU
	EndGlobalSection
	GlobalSection(ProjectConfigurationPlatforms) = postSolution
		{06A32F1C-2896-4802-B94F-EF376C4005D6}.Debug|Any CPU.ActiveCfg = Debug|Any CPU
		{06A32F1C-2896-4802-B94F-EF376C4005D6}.Debug|Any CPU.Build.0 = Debug|Any CPU
		{06A32F1C-2896-4802-B94F-EF376C4005D6}.Release|Any CPU.ActiveCfg = Release|Any CPU
		{06A32F1C-2896-4802-B94F-EF376C4005D6}.Release|Any CPU.Build.0 = Release|Any CPU
		{38E584D6-51F2-4BAE-8AF9-1BAA56D1AA80}.Debug|Any CPU.ActiveCfg = Debug|Any CPU
		{38E584D6-51F2-4BAE-8AF9-1BAA56D1AA80}.Debug|Any CPU.Build.0 = Debug|Any CPU
		{38E584D6-51F2-4BAE-8AF9-1BAA56D1AA80}.Release|Any CPU.ActiveCfg = Release|Any CPU
		{38E584D6-51F2-4BAE-8AF9-1BAA56D1AA80}.Release|Any CPU.Build.0 = Release|Any CPU
	EndGlobalSection
	GlobalSection(SolutionProperties) = preSolution
		HideSolutionNode = FALSE
	EndGlobalSection
	GlobalSection(ExtensibilityGlobals) = postSolution
		SolutionGuid = {86DC0C48-5B90-4775-B070-A9669CC4B002}
	EndGlobalSection
EndGlobal
